// !$*UTF8*$!
{
	archiveVersion = 1;
	classes = {
	};
	objectVersion = 50;
	objects = {

/* Begin PBXBuildFile section */
		522A3CCF26D3208E00E75C93 /* RoundBase.swift in Sources */ = {isa = PBXBuildFile; fileRef = 522A3CCE26D3208E00E75C93 /* RoundBase.swift */; };
		522A3CD326D320FB00E75C93 /* Fast.swift in Sources */ = {isa = PBXBuildFile; fileRef = 522A3CD226D320FB00E75C93 /* Fast.swift */; };
		52499D2A26D3C0050071E646 /* Arrow.swift in Sources */ = {isa = PBXBuildFile; fileRef = 52499D2926D3C0050071E646 /* Arrow.swift */; };
		524FE03226F17BCA00073443 /* Button.png in Resources */ = {isa = PBXBuildFile; fileRef = 524FE03126F17BCA00073443 /* Button.png */; };
		524FE03826F17BF800073443 /* segmented.png in Resources */ = {isa = PBXBuildFile; fileRef = 524FE03426F17BF800073443 /* segmented.png */; };
		524FE03926F17BF800073443 /* clock_three_arrow_bug.png in Resources */ = {isa = PBXBuildFile; fileRef = 524FE03526F17BF800073443 /* clock_three_arrow_bug.png */; };
		524FE03A26F17BF800073443 /* clock_one_arrow.png in Resources */ = {isa = PBXBuildFile; fileRef = 524FE03626F17BF800073443 /* clock_one_arrow.png */; };
		524FE03B26F17BF800073443 /* clock_three_arrows.png in Resources */ = {isa = PBXBuildFile; fileRef = 524FE03726F17BF800073443 /* clock_three_arrows.png */; };
		52C0565E26D575BE00209AAB /* Segmented.swift in Sources */ = {isa = PBXBuildFile; fileRef = 52C0565D26D575BE00209AAB /* Segmented.swift */; };
		52E0627326D38DB000C3D5FD /* RoundClock.swift in Sources */ = {isa = PBXBuildFile; fileRef = 52E0627226D38DB000C3D5FD /* RoundClock.swift */; };
		52E7386F26C9ACE9002A4E14 /* AppDelegate.swift in Sources */ = {isa = PBXBuildFile; fileRef = 52E7386E26C9ACE9002A4E14 /* AppDelegate.swift */; };
		52E7387126C9ACE9002A4E14 /* SceneDelegate.swift in Sources */ = {isa = PBXBuildFile; fileRef = 52E7387026C9ACE9002A4E14 /* SceneDelegate.swift */; };
		52E7387326C9ACE9002A4E14 /* ViewController.swift in Sources */ = {isa = PBXBuildFile; fileRef = 52E7387226C9ACE9002A4E14 /* ViewController.swift */; };
		52E7387626C9ACE9002A4E14 /* Main.storyboard in Resources */ = {isa = PBXBuildFile; fileRef = 52E7387426C9ACE9002A4E14 /* Main.storyboard */; };
		52E7387826C9ACEC002A4E14 /* Assets.xcassets in Resources */ = {isa = PBXBuildFile; fileRef = 52E7387726C9ACEC002A4E14 /* Assets.xcassets */; };
		52E7387B26C9ACEC002A4E14 /* LaunchScreen.storyboard in Resources */ = {isa = PBXBuildFile; fileRef = 52E7387926C9ACEC002A4E14 /* LaunchScreen.storyboard */; };
		52E7388526C9AE2E002A4E14 /* Button.swift in Sources */ = {isa = PBXBuildFile; fileRef = 52E7388426C9AE2E002A4E14 /* Button.swift */; };
/* End PBXBuildFile section */

/* Begin PBXFileReference section */
		522A3CCE26D3208E00E75C93 /* RoundBase.swift */ = {isa = PBXFileReference; lastKnownFileType = sourcecode.swift; path = RoundBase.swift; sourceTree = "<group>"; };
		522A3CD226D320FB00E75C93 /* Fast.swift */ = {isa = PBXFileReference; lastKnownFileType = sourcecode.swift; path = Fast.swift; sourceTree = "<group>"; };
		52499D2926D3C0050071E646 /* Arrow.swift */ = {isa = PBXFileReference; lastKnownFileType = sourcecode.swift; path = Arrow.swift; sourceTree = "<group>"; };
		524FE01026F1534E00073443 /* README.md */ = {isa = PBXFileReference; lastKnownFileType = net.daringfireball.markdown; path = README.md; sourceTree = "<group>"; };
		524FE03126F17BCA00073443 /* Button.png */ = {isa = PBXFileReference; lastKnownFileType = image.png; path = Button.png; sourceTree = "<group>"; };
		524FE03426F17BF800073443 /* segmented.png */ = {isa = PBXFileReference; lastKnownFileType = image.png; path = segmented.png; sourceTree = "<group>"; };
		524FE03526F17BF800073443 /* clock_three_arrow_bug.png */ = {isa = PBXFileReference; lastKnownFileType = image.png; path = clock_three_arrow_bug.png; sourceTree = "<group>"; };
		524FE03626F17BF800073443 /* clock_one_arrow.png */ = {isa = PBXFileReference; lastKnownFileType = image.png; path = clock_one_arrow.png; sourceTree = "<group>"; };
		524FE03726F17BF800073443 /* clock_three_arrows.png */ = {isa = PBXFileReference; lastKnownFileType = image.png; path = clock_three_arrows.png; sourceTree = "<group>"; };
		52C0565D26D575BE00209AAB /* Segmented.swift */ = {isa = PBXFileReference; lastKnownFileType = sourcecode.swift; path = Segmented.swift; sourceTree = "<group>"; };
		52E0627226D38DB000C3D5FD /* RoundClock.swift */ = {isa = PBXFileReference; lastKnownFileType = sourcecode.swift; path = RoundClock.swift; sourceTree = "<group>"; };
		52E7386B26C9ACE9002A4E14 /* Module_11.app */ = {isa = PBXFileReference; explicitFileType = wrapper.application; includeInIndex = 0; path = Module_11.app; sourceTree = BUILT_PRODUCTS_DIR; };
		52E7386E26C9ACE9002A4E14 /* AppDelegate.swift */ = {isa = PBXFileReference; lastKnownFileType = sourcecode.swift; path = AppDelegate.swift; sourceTree = "<group>"; };
		52E7387026C9ACE9002A4E14 /* SceneDelegate.swift */ = {isa = PBXFileReference; lastKnownFileType = sourcecode.swift; path = SceneDelegate.swift; sourceTree = "<group>"; };
		52E7387226C9ACE9002A4E14 /* ViewController.swift */ = {isa = PBXFileReference; lastKnownFileType = sourcecode.swift; path = ViewController.swift; sourceTree = "<group>"; };
		52E7387526C9ACE9002A4E14 /* Base */ = {isa = PBXFileReference; lastKnownFileType = file.storyboard; name = Base; path = Base.lproj/Main.storyboard; sourceTree = "<group>"; };
		52E7387726C9ACEC002A4E14 /* Assets.xcassets */ = {isa = PBXFileReference; lastKnownFileType = folder.assetcatalog; path = Assets.xcassets; sourceTree = "<group>"; };
		52E7387A26C9ACEC002A4E14 /* Base */ = {isa = PBXFileReference; lastKnownFileType = file.storyboard; name = Base; path = Base.lproj/LaunchScreen.storyboard; sourceTree = "<group>"; };
		52E7387C26C9ACEC002A4E14 /* Info.plist */ = {isa = PBXFileReference; lastKnownFileType = text.plist.xml; path = Info.plist; sourceTree = "<group>"; };
		52E7388426C9AE2E002A4E14 /* Button.swift */ = {isa = PBXFileReference; lastKnownFileType = sourcecode.swift; path = Button.swift; sourceTree = "<group>"; };
/* End PBXFileReference section */

/* Begin PBXFrameworksBuildPhase section */
		52E7386826C9ACE9002A4E14 /* Frameworks */ = {
			isa = PBXFrameworksBuildPhase;
			buildActionMask = 2147483647;
			files = (
			);
			runOnlyForDeploymentPostprocessing = 0;
		};
/* End PBXFrameworksBuildPhase section */

/* Begin PBXGroup section */
		522A3CD126D320CF00E75C93 /* MyLibs */ = {
			isa = PBXGroup;
			children = (
				522A3CD226D320FB00E75C93 /* Fast.swift */,
			);
			path = MyLibs;
			sourceTree = "<group>";
		};
		524FE03026F17A5200073443 /* git_resources */ = {
			isa = PBXGroup;
			children = (
				524FE03126F17BCA00073443 /* Button.png */,
				524FE03626F17BF800073443 /* clock_one_arrow.png */,
				524FE03526F17BF800073443 /* clock_three_arrow_bug.png */,
				524FE03726F17BF800073443 /* clock_three_arrows.png */,
				524FE03426F17BF800073443 /* segmented.png */,
			);
			path = git_resources;
			sourceTree = "<group>";
		};
		52E7386226C9ACE9002A4E14 = {
			isa = PBXGroup;
			children = (
				524FE03026F17A5200073443 /* git_resources */,
				524FE01026F1534E00073443 /* README.md */,
				52E7386D26C9ACE9002A4E14 /* Module_11 */,
				52E7386C26C9ACE9002A4E14 /* Products */,
			);
			sourceTree = "<group>";
		};
		52E7386C26C9ACE9002A4E14 /* Products */ = {
			isa = PBXGroup;
			children = (
				52E7386B26C9ACE9002A4E14 /* Module_11.app */,
			);
			name = Products;
			sourceTree = "<group>";
		};
		52E7386D26C9ACE9002A4E14 /* Module_11 */ = {
			isa = PBXGroup;
			children = (
				522A3CD126D320CF00E75C93 /* MyLibs */,
				52E7388326C9ADCE002A4E14 /* Components */,
				52E7386E26C9ACE9002A4E14 /* AppDelegate.swift */,
				52E7387026C9ACE9002A4E14 /* SceneDelegate.swift */,
				52E7387226C9ACE9002A4E14 /* ViewController.swift */,
				52E7387426C9ACE9002A4E14 /* Main.storyboard */,
				52E7387726C9ACEC002A4E14 /* Assets.xcassets */,
				52E7387926C9ACEC002A4E14 /* LaunchScreen.storyboard */,
				52E7387C26C9ACEC002A4E14 /* Info.plist */,
			);
			path = Module_11;
			sourceTree = "<group>";
		};
		52E7388326C9ADCE002A4E14 /* Components */ = {
			isa = PBXGroup;
			children = (
				52E7388426C9AE2E002A4E14 /* Button.swift */,
				522A3CCE26D3208E00E75C93 /* RoundBase.swift */,
				52E0627226D38DB000C3D5FD /* RoundClock.swift */,
				52499D2926D3C0050071E646 /* Arrow.swift */,
				52C0565D26D575BE00209AAB /* Segmented.swift */,
			);
			path = Components;
			sourceTree = "<group>";
		};
/* End PBXGroup section */

/* Begin PBXNativeTarget section */
		52E7386A26C9ACE9002A4E14 /* Module_11 */ = {
			isa = PBXNativeTarget;
			buildConfigurationList = 52E7387F26C9ACEC002A4E14 /* Build configuration list for PBXNativeTarget "Module_11" */;
			buildPhases = (
				52E7386726C9ACE9002A4E14 /* Sources */,
				52E7386826C9ACE9002A4E14 /* Frameworks */,
				52E7386926C9ACE9002A4E14 /* Resources */,
			);
			buildRules = (
			);
			dependencies = (
			);
			name = Module_11;
			productName = Module_11;
			productReference = 52E7386B26C9ACE9002A4E14 /* Module_11.app */;
			productType = "com.apple.product-type.application";
		};
/* End PBXNativeTarget section */

/* Begin PBXProject section */
		52E7386326C9ACE9002A4E14 /* Project object */ = {
			isa = PBXProject;
			attributes = {
				LastSwiftUpdateCheck = 1220;
				LastUpgradeCheck = 1220;
				TargetAttributes = {
					52E7386A26C9ACE9002A4E14 = {
						CreatedOnToolsVersion = 12.2;
					};
				};
			};
			buildConfigurationList = 52E7386626C9ACE9002A4E14 /* Build configuration list for PBXProject "Module_11" */;
			compatibilityVersion = "Xcode 9.3";
			developmentRegion = en;
			hasScannedForEncodings = 0;
			knownRegions = (
				en,
				Base,
			);
			mainGroup = 52E7386226C9ACE9002A4E14;
			productRefGroup = 52E7386C26C9ACE9002A4E14 /* Products */;
			projectDirPath = "";
			projectRoot = "";
			targets = (
				52E7386A26C9ACE9002A4E14 /* Module_11 */,
			);
		};
/* End PBXProject section */

/* Begin PBXResourcesBuildPhase section */
		52E7386926C9ACE9002A4E14 /* Resources */ = {
			isa = PBXResourcesBuildPhase;
			buildActionMask = 2147483647;
			files = (
				52E7387B26C9ACEC002A4E14 /* LaunchScreen.storyboard in Resources */,
				524FE03B26F17BF800073443 /* clock_three_arrows.png in Resources */,
				524FE03226F17BCA00073443 /* Button.png in Resources */,
				524FE03926F17BF800073443 /* clock_three_arrow_bug.png in Resources */,
				52E7387826C9ACEC002A4E14 /* Assets.xcassets in Resources */,
				524FE03A26F17BF800073443 /* clock_one_arrow.png in Resources */,
				524FE03826F17BF800073443 /* segmented.png in Resources */,
				52E7387626C9ACE9002A4E14 /* Main.storyboard in Resources */,
			);
			runOnlyForDeploymentPostprocessing = 0;
		};
/* End PBXResourcesBuildPhase section */

/* Begin PBXSourcesBuildPhase section */
		52E7386726C9ACE9002A4E14 /* Sources */ = {
			isa = PBXSourcesBuildPhase;
			buildActionMask = 2147483647;
			files = (
				52E7387326C9ACE9002A4E14 /* ViewController.swift in Sources */,
				52E7386F26C9ACE9002A4E14 /* AppDelegate.swift in Sources */,
				52C0565E26D575BE00209AAB /* Segmented.swift in Sources */,
				522A3CD326D320FB00E75C93 /* Fast.swift in Sources */,
				52E7387126C9ACE9002A4E14 /* SceneDelegate.swift in Sources */,
				52E7388526C9AE2E002A4E14 /* Button.swift in Sources */,
				522A3CCF26D3208E00E75C93 /* RoundBase.swift in Sources */,
				52E0627326D38DB000C3D5FD /* RoundClock.swift in Sources */,
				52499D2A26D3C0050071E646 /* Arrow.swift in Sources */,
			);
			runOnlyForDeploymentPostprocessing = 0;
		};
/* End PBXSourcesBuildPhase section */

/* Begin PBXVariantGroup section */
		52E7387426C9ACE9002A4E14 /* Main.storyboard */ = {
			isa = PBXVariantGroup;
			children = (
				52E7387526C9ACE9002A4E14 /* Base */,
			);
			name = Main.storyboard;
			sourceTree = "<group>";
		};
		52E7387926C9ACEC002A4E14 /* LaunchScreen.storyboard */ = {
			isa = PBXVariantGroup;
			children = (
				52E7387A26C9ACEC002A4E14 /* Base */,
			);
			name = LaunchScreen.storyboard;
			sourceTree = "<group>";
		};
/* End PBXVariantGroup section */

/* Begin XCBuildConfiguration section */
		52E7387D26C9ACEC002A4E14 /* Debug */ = {
			isa = XCBuildConfiguration;
			buildSettings = {
				ALWAYS_SEARCH_USER_PATHS = NO;
				CLANG_ANALYZER_NONNULL = YES;
				CLANG_ANALYZER_NUMBER_OBJECT_CONVERSION = YES_AGGRESSIVE;
				CLANG_CXX_LANGUAGE_STANDARD = "gnu++14";
				CLANG_CXX_LIBRARY = "libc++";
				CLANG_ENABLE_MODULES = YES;
				CLANG_ENABLE_OBJC_ARC = YES;
				CLANG_ENABLE_OBJC_WEAK = YES;
				CLANG_WARN_BLOCK_CAPTURE_AUTORELEASING = YES;
				CLANG_WARN_BOOL_CONVERSION = YES;
				CLANG_WARN_COMMA = YES;
				CLANG_WARN_CONSTANT_CONVERSION = YES;
				CLANG_WARN_DEPRECATED_OBJC_IMPLEMENTATIONS = YES;
				CLANG_WARN_DIRECT_OBJC_ISA_USAGE = YES_ERROR;
				CLANG_WARN_DOCUMENTATION_COMMENTS = YES;
				CLANG_WARN_EMPTY_BODY = YES;
				CLANG_WARN_ENUM_CONVERSION = YES;
				CLANG_WARN_INFINITE_RECURSION = YES;
				CLANG_WARN_INT_CONVERSION = YES;
				CLANG_WARN_NON_LITERAL_NULL_CONVERSION = YES;
				CLANG_WARN_OBJC_IMPLICIT_RETAIN_SELF = YES;
				CLANG_WARN_OBJC_LITERAL_CONVERSION = YES;
				CLANG_WARN_OBJC_ROOT_CLASS = YES_ERROR;
				CLANG_WARN_QUOTED_INCLUDE_IN_FRAMEWORK_HEADER = YES;
				CLANG_WARN_RANGE_LOOP_ANALYSIS = YES;
				CLANG_WARN_STRICT_PROTOTYPES = YES;
				CLANG_WARN_SUSPICIOUS_MOVE = YES;
				CLANG_WARN_UNGUARDED_AVAILABILITY = YES_AGGRESSIVE;
				CLANG_WARN_UNREACHABLE_CODE = YES;
				CLANG_WARN__DUPLICATE_METHOD_MATCH = YES;
				COPY_PHASE_STRIP = NO;
				DEBUG_INFORMATION_FORMAT = dwarf;
				ENABLE_STRICT_OBJC_MSGSEND = YES;
				ENABLE_TESTABILITY = YES;
				GCC_C_LANGUAGE_STANDARD = gnu11;
				GCC_DYNAMIC_NO_PIC = NO;
				GCC_NO_COMMON_BLOCKS = YES;
				GCC_OPTIMIZATION_LEVEL = 0;
				GCC_PREPROCESSOR_DEFINITIONS = (
					"DEBUG=1",
					"$(inherited)",
				);
				GCC_WARN_64_TO_32_BIT_CONVERSION = YES;
				GCC_WARN_ABOUT_RETURN_TYPE = YES_ERROR;
				GCC_WARN_UNDECLARED_SELECTOR = YES;
				GCC_WARN_UNINITIALIZED_AUTOS = YES_AGGRESSIVE;
				GCC_WARN_UNUSED_FUNCTION = YES;
				GCC_WARN_UNUSED_VARIABLE = YES;
				IPHONEOS_DEPLOYMENT_TARGET = 14.2;
				MTL_ENABLE_DEBUG_INFO = INCLUDE_SOURCE;
				MTL_FAST_MATH = YES;
				ONLY_ACTIVE_ARCH = YES;
				SDKROOT = iphoneos;
				SWIFT_ACTIVE_COMPILATION_CONDITIONS = DEBUG;
				SWIFT_OPTIMIZATION_LEVEL = "-Onone";
			};
			name = Debug;
		};
		52E7387E26C9ACEC002A4E14 /* Release */ = {
			isa = XCBuildConfiguration;
			buildSettings = {
				ALWAYS_SEARCH_USER_PATHS = NO;
				CLANG_ANALYZER_NONNULL = YES;
				CLANG_ANALYZER_NUMBER_OBJECT_CONVERSION = YES_AGGRESSIVE;
				CLANG_CXX_LANGUAGE_STANDARD = "gnu++14";
				CLANG_CXX_LIBRARY = "libc++";
				CLANG_ENABLE_MODULES = YES;
				CLANG_ENABLE_OBJC_ARC = YES;
				CLANG_ENABLE_OBJC_WEAK = YES;
				CLANG_WARN_BLOCK_CAPTURE_AUTORELEASING = YES;
				CLANG_WARN_BOOL_CONVERSION = YES;
				CLANG_WARN_COMMA = YES;
				CLANG_WARN_CONSTANT_CONVERSION = YES;
				CLANG_WARN_DEPRECATED_OBJC_IMPLEMENTATIONS = YES;
				CLANG_WARN_DIRECT_OBJC_ISA_USAGE = YES_ERROR;
				CLANG_WARN_DOCUMENTATION_COMMENTS = YES;
				CLANG_WARN_EMPTY_BODY = YES;
				CLANG_WARN_ENUM_CONVERSION = YES;
				CLANG_WARN_INFINITE_RECURSION = YES;
				CLANG_WARN_INT_CONVERSION = YES;
				CLANG_WARN_NON_LITERAL_NULL_CONVERSION = YES;
				CLANG_WARN_OBJC_IMPLICIT_RETAIN_SELF = YES;
				CLANG_WARN_OBJC_LITERAL_CONVERSION = YES;
				CLANG_WARN_OBJC_ROOT_CLASS = YES_ERROR;
				CLANG_WARN_QUOTED_INCLUDE_IN_FRAMEWORK_HEADER = YES;
				CLANG_WARN_RANGE_LOOP_ANALYSIS = YES;
				CLANG_WARN_STRICT_PROTOTYPES = YES;
				CLANG_WARN_SUSPICIOUS_MOVE = YES;
				CLANG_WARN_UNGUARDED_AVAILABILITY = YES_AGGRESSIVE;
				CLANG_WARN_UNREACHABLE_CODE = YES;
				CLANG_WARN__DUPLICATE_METHOD_MATCH = YES;
				COPY_PHASE_STRIP = NO;
				DEBUG_INFORMATION_FORMAT = "dwarf-with-dsym";
				ENABLE_NS_ASSERTIONS = NO;
				ENABLE_STRICT_OBJC_MSGSEND = YES;
				GCC_C_LANGUAGE_STANDARD = gnu11;
				GCC_NO_COMMON_BLOCKS = YES;
				GCC_WARN_64_TO_32_BIT_CONVERSION = YES;
				GCC_WARN_ABOUT_RETURN_TYPE = YES_ERROR;
				GCC_WARN_UNDECLARED_SELECTOR = YES;
				GCC_WARN_UNINITIALIZED_AUTOS = YES_AGGRESSIVE;
				GCC_WARN_UNUSED_FUNCTION = YES;
				GCC_WARN_UNUSED_VARIABLE = YES;
				IPHONEOS_DEPLOYMENT_TARGET = 14.2;
				MTL_ENABLE_DEBUG_INFO = NO;
				MTL_FAST_MATH = YES;
				SDKROOT = iphoneos;
				SWIFT_COMPILATION_MODE = wholemodule;
				SWIFT_OPTIMIZATION_LEVEL = "-O";
				VALIDATE_PRODUCT = YES;
			};
			name = Release;
		};
		52E7388026C9ACEC002A4E14 /* Debug */ = {
			isa = XCBuildConfiguration;
			buildSettings = {
				ASSETCATALOG_COMPILER_APPICON_NAME = AppIcon;
				ASSETCATALOG_COMPILER_GLOBAL_ACCENT_COLOR_NAME = AccentColor;
				CODE_SIGN_STYLE = Automatic;
				DEVELOPMENT_TEAM = C9KXM95PQS;
				INFOPLIST_FILE = Module_11/Info.plist;
				LD_RUNPATH_SEARCH_PATHS = (
					"$(inherited)",
					"@executable_path/Frameworks",
				);
				PRODUCT_BUNDLE_IDENTIFIER = "liubowolkova.Module-11";
				PRODUCT_NAME = "$(TARGET_NAME)";
				SWIFT_VERSION = 5.0;
				TARGETED_DEVICE_FAMILY = "1,2";
			};
			name = Debug;
		};
		52E7388126C9ACEC002A4E14 /* Release */ = {
			isa = XCBuildConfiguration;
			buildSettings = {
				ASSETCATALOG_COMPILER_APPICON_NAME = AppIcon;
				ASSETCATALOG_COMPILER_GLOBAL_ACCENT_COLOR_NAME = AccentColor;
				CODE_SIGN_STYLE = Automatic;
				DEVELOPMENT_TEAM = C9KXM95PQS;
				INFOPLIST_FILE = Module_11/Info.plist;
				LD_RUNPATH_SEARCH_PATHS = (
					"$(inherited)",
					"@executable_path/Frameworks",
				);
				PRODUCT_BUNDLE_IDENTIFIER = "liubowolkova.Module-11";
				PRODUCT_NAME = "$(TARGET_NAME)";
				SWIFT_VERSION = 5.0;
				TARGETED_DEVICE_FAMILY = "1,2";
			};
			name = Release;
		};
/* End XCBuildConfiguration section */

/* Begin XCConfigurationList section */
		52E7386626C9ACE9002A4E14 /* Build configuration list for PBXProject "Module_11" */ = {
			isa = XCConfigurationList;
			buildConfigurations = (
				52E7387D26C9ACEC002A4E14 /* Debug */,
				52E7387E26C9ACEC002A4E14 /* Release */,
			);
			defaultConfigurationIsVisible = 0;
			defaultConfigurationName = Release;
		};
		52E7387F26C9ACEC002A4E14 /* Build configuration list for PBXNativeTarget "Module_11" */ = {
			isa = XCConfigurationList;
			buildConfigurations = (
				52E7388026C9ACEC002A4E14 /* Debug */,
				52E7388126C9ACEC002A4E14 /* Release */,
			);
			defaultConfigurationIsVisible = 0;
			defaultConfigurationName = Release;
		};
/* End XCConfigurationList section */
	};
	rootObject = 52E7386326C9ACE9002A4E14 /* Project object */;
}
